
Microsoft Visual Studio Solution File, Format Version 12.00
# Visual Studio Version 17
VisualStudioVersion = 17.2.32616.157
MinimumVisualStudioVersion = 10.0.40219.1
Project("{FAE04EC0-301F-11D3-BF4B-00C04F79EFBC}") = "Cobweb_in_Stock", "Cobweb_in_Stock\Cobweb_in_Stock.csproj", "{D351918F-1A1D-46CE-91D2-FEB17E1BD0AE}"
EndProject
Global
	GlobalSection(SolutionConfigurationPlatforms) = preSolution
		Debug|Any CPU = Debug|Any CPU
		Release|Any CPU = Release|Any CPU
	EndGlobalSection
	GlobalSection(ProjectConfigurationPlatforms) = postSolution
		{D351918F-1A1D-46CE-91D2-FEB17E1BD0AE}.Debug|Any CPU.ActiveCfg = Debug|Any CPU
		{D351918F-1A1D-46CE-91D2-FEB17E1BD0AE}.Debug|Any CPU.Build.0 = Debug|Any CPU
		{D351918F-1A1D-46CE-91D2-FEB17E1BD0AE}.Release|Any CPU.ActiveCfg = Release|Any CPU
		{D351918F-1A1D-46CE-91D2-FEB17E1BD0AE}.Release|Any CPU.Build.0 = Release|Any CPU
	EndGlobalSection
	GlobalSection(SolutionProperties) = preSolution
		HideSolutionNode = FALSE
	EndGlobalSection
	GlobalSection(ExtensibilityGlobals) = postSolution
		SolutionGuid = {2F81C291-7D52-440A-AFFB-681D5F7399E2}
	EndGlobalSection
EndGlobal
